
Microsoft Visual Studio Solution File, Format Version 12.00
# Visual Studio Version 16
VisualStudioVersion = 16.0.29324.140
MinimumVisualStudioVersion = 10.0.40219.1
Project("{9A19103F-16F7-4668-BE54-9A1E7A4F7556}") = "CoreMvc", "CoreMvc\CoreMvc.csproj", "{13EF8B64-4F7F-4670-B3EE-7AA967B5D029}"
EndProject
Project("{9A19103F-16F7-4668-BE54-9A1E7A4F7556}") = "ConsoleApp1", "ConsoleApp1\ConsoleApp1.csproj", "{D3FBAB15-3BAF-4C61-9ECB-AB0164D6962D}"
EndProject
Project("{9A19103F-16F7-4668-BE54-9A1E7A4F7556}") = "Infrastruct", "Infrastruct\Infrastruct.csproj", "{89B220EC-8FDA-4368-8F7C-80FAE685003E}"
EndProject
Project("{9A19103F-16F7-4668-BE54-9A1E7A4F7556}") = "Domain", "DoMain\Domain.csproj", "{9195F0AF-1EBA-4015-9F1B-7950E107F6D0}"
EndProject
Project("{9A19103F-16F7-4668-BE54-9A1E7A4F7556}") = "Common", "Common\Common.csproj", "{A936A8A4-E1E3-4956-B418-EEDE65D1FE90}"
EndProject
Project("{9A19103F-16F7-4668-BE54-9A1E7A4F7556}") = "Application", "Service\Application.csproj", "{403E3B58-9146-4301-8640-B62D5235104A}"
EndProject
Project("{9A19103F-16F7-4668-BE54-9A1E7A4F7556}") = "CoreApl", "CoreApl\CoreApl.csproj", "{3F5F7E53-6072-4A11-AE99-C0EB2DF73114}"
EndProject
Project("{9A19103F-16F7-4668-BE54-9A1E7A4F7556}") = "ConsoleApp2", "ConsoleApp2\ConsoleApp2.csproj", "{8A319359-C6D9-4E24-AF8C-B2DC90C606E3}"
EndProject
Project("{2150E333-8FDC-42A3-9474-1A3956D46DE8}") = "RabbitMQ", "RabbitMQ", "{98F4837D-BD2B-470B-A998-10CB427A978B}"
EndProject
Project("{FAE04EC0-301F-11D3-BF4B-00C04F79EFBC}") = "PublishTest", "PublishTest\PublishTest.csproj", "{09BF593C-25AC-45E6-BB9C-5873F6E9B0CE}"
EndProject
Project("{FAE04EC0-301F-11D3-BF4B-00C04F79EFBC}") = "ConsumerTest1", "ConsumerTest1\ConsumerTest1.csproj", "{6EA065CE-48F1-48F8-8B26-26D7E3B0B7FB}"
EndProject
Project("{FAE04EC0-301F-11D3-BF4B-00C04F79EFBC}") = "ConsumerTest2", "ConsumerTest2\ConsumerTest2.csproj", "{BD398464-798C-414B-8CA3-BC7FB99B8337}"
EndProject
Global
	GlobalSection(SolutionConfigurationPlatforms) = preSolution
		Debug|Any CPU = Debug|Any CPU
		Release|Any CPU = Release|Any CPU
	EndGlobalSection
	GlobalSection(ProjectConfigurationPlatforms) = postSolution
		{13EF8B64-4F7F-4670-B3EE-7AA967B5D029}.Debug|Any CPU.ActiveCfg = Debug|Any CPU
		{13EF8B64-4F7F-4670-B3EE-7AA967B5D029}.Debug|Any CPU.Build.0 = Debug|Any CPU
		{13EF8B64-4F7F-4670-B3EE-7AA967B5D029}.Release|Any CPU.ActiveCfg = Release|Any CPU
		{13EF8B64-4F7F-4670-B3EE-7AA967B5D029}.Release|Any CPU.Build.0 = Release|Any CPU
		{D3FBAB15-3BAF-4C61-9ECB-AB0164D6962D}.Debug|Any CPU.ActiveCfg = Debug|Any CPU
		{D3FBAB15-3BAF-4C61-9ECB-AB0164D6962D}.Debug|Any CPU.Build.0 = Debug|Any CPU
		{D3FBAB15-3BAF-4C61-9ECB-AB0164D6962D}.Release|Any CPU.ActiveCfg = Release|Any CPU
		{D3FBAB15-3BAF-4C61-9ECB-AB0164D6962D}.Release|Any CPU.Build.0 = Release|Any CPU
		{89B220EC-8FDA-4368-8F7C-80FAE685003E}.Debug|Any CPU.ActiveCfg = Debug|Any CPU
		{89B220EC-8FDA-4368-8F7C-80FAE685003E}.Debug|Any CPU.Build.0 = Debug|Any CPU
		{89B220EC-8FDA-4368-8F7C-80FAE685003E}.Release|Any CPU.ActiveCfg = Release|Any CPU
		{89B220EC-8FDA-4368-8F7C-80FAE685003E}.Release|Any CPU.Build.0 = Release|Any CPU
		{9195F0AF-1EBA-4015-9F1B-7950E107F6D0}.Debug|Any CPU.ActiveCfg = Debug|Any CPU
		{9195F0AF-1EBA-4015-9F1B-7950E107F6D0}.Debug|Any CPU.Build.0 = Debug|Any CPU
		{9195F0AF-1EBA-4015-9F1B-7950E107F6D0}.Release|Any CPU.ActiveCfg = Release|Any CPU
		{9195F0AF-1EBA-4015-9F1B-7950E107F6D0}.Release|Any CPU.Build.0 = Release|Any CPU
		{A936A8A4-E1E3-4956-B418-EEDE65D1FE90}.Debug|Any CPU.ActiveCfg = Debug|Any CPU
		{A936A8A4-E1E3-4956-B418-EEDE65D1FE90}.Debug|Any CPU.Build.0 = Debug|Any CPU
		{A936A8A4-E1E3-4956-B418-EEDE65D1FE90}.Release|Any CPU.ActiveCfg = Release|Any CPU
		{A936A8A4-E1E3-4956-B418-EEDE65D1FE90}.Release|Any CPU.Build.0 = Release|Any CPU
		{403E3B58-9146-4301-8640-B62D5235104A}.Debug|Any CPU.ActiveCfg = Debug|Any CPU
		{403E3B58-9146-4301-8640-B62D5235104A}.Debug|Any CPU.Build.0 = Debug|Any CPU
		{403E3B58-9146-4301-8640-B62D5235104A}.Release|Any CPU.ActiveCfg = Release|Any CPU
		{403E3B58-9146-4301-8640-B62D5235104A}.Release|Any CPU.Build.0 = Release|Any CPU
		{3F5F7E53-6072-4A11-AE99-C0EB2DF73114}.Debug|Any CPU.ActiveCfg = Debug|Any CPU
		{3F5F7E53-6072-4A11-AE99-C0EB2DF73114}.Debug|Any CPU.Build.0 = Debug|Any CPU
		{3F5F7E53-6072-4A11-AE99-C0EB2DF73114}.Release|Any CPU.ActiveCfg = Release|Any CPU
		{3F5F7E53-6072-4A11-AE99-C0EB2DF73114}.Release|Any CPU.Build.0 = Release|Any CPU
		{8A319359-C6D9-4E24-AF8C-B2DC90C606E3}.Debug|Any CPU.ActiveCfg = Debug|Any CPU
		{8A319359-C6D9-4E24-AF8C-B2DC90C606E3}.Debug|Any CPU.Build.0 = Debug|Any CPU
		{8A319359-C6D9-4E24-AF8C-B2DC90C606E3}.Release|Any CPU.ActiveCfg = Release|Any CPU
		{8A319359-C6D9-4E24-AF8C-B2DC90C606E3}.Release|Any CPU.Build.0 = Release|Any CPU
		{09BF593C-25AC-45E6-BB9C-5873F6E9B0CE}.Debug|Any CPU.ActiveCfg = Debug|Any CPU
		{09BF593C-25AC-45E6-BB9C-5873F6E9B0CE}.Debug|Any CPU.Build.0 = Debug|Any CPU
		{09BF593C-25AC-45E6-BB9C-5873F6E9B0CE}.Release|Any CPU.ActiveCfg = Release|Any CPU
		{09BF593C-25AC-45E6-BB9C-5873F6E9B0CE}.Release|Any CPU.Build.0 = Release|Any CPU
		{6EA065CE-48F1-48F8-8B26-26D7E3B0B7FB}.Debug|Any CPU.ActiveCfg = Debug|Any CPU
		{6EA065CE-48F1-48F8-8B26-26D7E3B0B7FB}.Debug|Any CPU.Build.0 = Debug|Any CPU
		{6EA065CE-48F1-48F8-8B26-26D7E3B0B7FB}.Release|Any CPU.ActiveCfg = Release|Any CPU
		{6EA065CE-48F1-48F8-8B26-26D7E3B0B7FB}.Release|Any CPU.Build.0 = Release|Any CPU
		{BD398464-798C-414B-8CA3-BC7FB99B8337}.Debug|Any CPU.ActiveCfg = Debug|Any CPU
		{BD398464-798C-414B-8CA3-BC7FB99B8337}.Debug|Any CPU.Build.0 = Debug|Any CPU
		{BD398464-798C-414B-8CA3-BC7FB99B8337}.Release|Any CPU.ActiveCfg = Release|Any CPU
		{BD398464-798C-414B-8CA3-BC7FB99B8337}.Release|Any CPU.Build.0 = Release|Any CPU
	EndGlobalSection
	GlobalSection(SolutionProperties) = preSolution
		HideSolutionNode = FALSE
	EndGlobalSection
	GlobalSection(NestedProjects) = preSolution
		{09BF593C-25AC-45E6-BB9C-5873F6E9B0CE} = {98F4837D-BD2B-470B-A998-10CB427A978B}
		{6EA065CE-48F1-48F8-8B26-26D7E3B0B7FB} = {98F4837D-BD2B-470B-A998-10CB427A978B}
		{BD398464-798C-414B-8CA3-BC7FB99B8337} = {98F4837D-BD2B-470B-A998-10CB427A978B}
	EndGlobalSection
	GlobalSection(ExtensibilityGlobals) = postSolution
		SolutionGuid = {8CBE2DF0-5261-4B35-AF4D-C6EE23C5BECD}
	EndGlobalSection
EndGlobal
